
Microsoft Visual Studio Solution File, Format Version 12.00
# Visual Studio Version 17
VisualStudioVersion = 17.3.32819.101
MinimumVisualStudioVersion = 10.0.40219.1
Project("{FAE04EC0-301F-11D3-BF4B-00C04F79EFBC}") = "BadExample", "BadExample\BadExample.csproj", "{5090421F-2DFD-4248-B8D4-C3A5CBDDCE2B}"
EndProject
Project("{FAE04EC0-301F-11D3-BF4B-00C04F79EFBC}") = "GoodExample", "GoodExample\GoodExample.csproj", "{BA388ECC-40FB-4F8E-A11E-511D37C5654B}"
EndProject
Global
	GlobalSection(SolutionConfigurationPlatforms) = preSolution
		Debug|Any CPU = Debug|Any CPU
		Release|Any CPU = Release|Any CPU
	EndGlobalSection
	GlobalSection(ProjectConfigurationPlatforms) = postSolution
		{5090421F-2DFD-4248-B8D4-C3A5CBDDCE2B}.Debug|Any CPU.ActiveCfg = Debug|Any CPU
		{5090421F-2DFD-4248-B8D4-C3A5CBDDCE2B}.Debug|Any CPU.Build.0 = Debug|Any CPU
		{5090421F-2DFD-4248-B8D4-C3A5CBDDCE2B}.Release|Any CPU.ActiveCfg = Release|Any CPU
		{5090421F-2DFD-4248-B8D4-C3A5CBDDCE2B}.Release|Any CPU.Build.0 = Release|Any CPU
		{BA388ECC-40FB-4F8E-A11E-511D37C5654B}.Debug|Any CPU.ActiveCfg = Debug|Any CPU
		{BA388ECC-40FB-4F8E-A11E-511D37C5654B}.Debug|Any CPU.Build.0 = Debug|Any CPU
		{BA388ECC-40FB-4F8E-A11E-511D37C5654B}.Release|Any CPU.ActiveCfg = Release|Any CPU
		{BA388ECC-40FB-4F8E-A11E-511D37C5654B}.Release|Any CPU.Build.0 = Release|Any CPU
	EndGlobalSection
	GlobalSection(SolutionProperties) = preSolution
		HideSolutionNode = FALSE
	EndGlobalSection
	GlobalSection(ExtensibilityGlobals) = postSolution
		SolutionGuid = {6103746D-DB6A-4E75-AB60-8DD6E97E2E02}
	EndGlobalSection
EndGlobal
